
Microsoft Visual Studio Solution File, Format Version 12.00
# Visual Studio Version 17
VisualStudioVersion = 17.0.32112.339
MinimumVisualStudioVersion = 10.0.40219.1
Project("{9A19103F-16F7-4668-BE54-9A1E7A4F7556}") = "PcService.Host", "WebApplication1\PcService.Host.csproj", "{C6A10EB1-1821-4ED9-94CB-C9A7BA859A05}"
EndProject
Project("{9A19103F-16F7-4668-BE54-9A1E7A4F7556}") = "PcService.Models", "PcService.Models\PcService.Models.csproj", "{9D55B2DE-702D-4DC4-BB72-29B88CE1EDEB}"
EndProject
Project("{9A19103F-16F7-4668-BE54-9A1E7A4F7556}") = "PcService.DL", "PcService.DL\PcService.DL.csproj", "{C90D5076-7083-4633-8566-3AD1AB38F2DD}"
EndProject
Project("{9A19103F-16F7-4668-BE54-9A1E7A4F7556}") = "PcService.BL", "PcService.BL\PcService.BL.csproj", "{3E2BDA98-E1ED-4D17-B36C-5C9B4C5387CA}"
EndProject
Project("{FAE04EC0-301F-11D3-BF4B-00C04F79EFBC}") = "PcService.Test", "PcService.Test\PcService.Test.csproj", "{26375BE7-36D1-46A5-8328-4C2CB3AF56A1}"
EndProject
Global
	GlobalSection(SolutionConfigurationPlatforms) = preSolution
		Debug|Any CPU = Debug|Any CPU
		Release|Any CPU = Release|Any CPU
	EndGlobalSection
	GlobalSection(ProjectConfigurationPlatforms) = postSolution
		{C6A10EB1-1821-4ED9-94CB-C9A7BA859A05}.Debug|Any CPU.ActiveCfg = Debug|Any CPU
		{C6A10EB1-1821-4ED9-94CB-C9A7BA859A05}.Debug|Any CPU.Build.0 = Debug|Any CPU
		{C6A10EB1-1821-4ED9-94CB-C9A7BA859A05}.Release|Any CPU.ActiveCfg = Release|Any CPU
		{C6A10EB1-1821-4ED9-94CB-C9A7BA859A05}.Release|Any CPU.Build.0 = Release|Any CPU
		{9D55B2DE-702D-4DC4-BB72-29B88CE1EDEB}.Debug|Any CPU.ActiveCfg = Debug|Any CPU
		{9D55B2DE-702D-4DC4-BB72-29B88CE1EDEB}.Debug|Any CPU.Build.0 = Debug|Any CPU
		{9D55B2DE-702D-4DC4-BB72-29B88CE1EDEB}.Release|Any CPU.ActiveCfg = Release|Any CPU
		{9D55B2DE-702D-4DC4-BB72-29B88CE1EDEB}.Release|Any CPU.Build.0 = Release|Any CPU
		{C90D5076-7083-4633-8566-3AD1AB38F2DD}.Debug|Any CPU.ActiveCfg = Debug|Any CPU
		{C90D5076-7083-4633-8566-3AD1AB38F2DD}.Debug|Any CPU.Build.0 = Debug|Any CPU
		{C90D5076-7083-4633-8566-3AD1AB38F2DD}.Release|Any CPU.ActiveCfg = Release|Any CPU
		{C90D5076-7083-4633-8566-3AD1AB38F2DD}.Release|Any CPU.Build.0 = Release|Any CPU
		{3E2BDA98-E1ED-4D17-B36C-5C9B4C5387CA}.Debug|Any CPU.ActiveCfg = Debug|Any CPU
		{3E2BDA98-E1ED-4D17-B36C-5C9B4C5387CA}.Debug|Any CPU.Build.0 = Debug|Any CPU
		{3E2BDA98-E1ED-4D17-B36C-5C9B4C5387CA}.Release|Any CPU.ActiveCfg = Release|Any CPU
		{3E2BDA98-E1ED-4D17-B36C-5C9B4C5387CA}.Release|Any CPU.Build.0 = Release|Any CPU
		{26375BE7-36D1-46A5-8328-4C2CB3AF56A1}.Debug|Any CPU.ActiveCfg = Debug|Any CPU
		{26375BE7-36D1-46A5-8328-4C2CB3AF56A1}.Debug|Any CPU.Build.0 = Debug|Any CPU
		{26375BE7-36D1-46A5-8328-4C2CB3AF56A1}.Release|Any CPU.ActiveCfg = Release|Any CPU
		{26375BE7-36D1-46A5-8328-4C2CB3AF56A1}.Release|Any CPU.Build.0 = Release|Any CPU
	EndGlobalSection
	GlobalSection(SolutionProperties) = preSolution
		HideSolutionNode = FALSE
	EndGlobalSection
	GlobalSection(ExtensibilityGlobals) = postSolution
		SolutionGuid = {D2D78146-B849-4DA1-A7A9-00A7ACED7541}
	EndGlobalSection
EndGlobal
